
Microsoft Visual Studio Solution File, Format Version 12.00
# Visual Studio Version 16
VisualStudioVersion = 16.0.29306.81
MinimumVisualStudioVersion = 10.0.40219.1
Project("{8BC9CEB8-8B4A-11D0-8D11-00A0C91BC942}") = "20_06_21_String_Manipulation_App_browser", "20_06_21_String_Manipulation_App_browser\20_06_21_String_Manipulation_App_browser.vcxproj", "{1F8E2369-43DC-4A13-A1F9-FD0EE2B10EB3}"
EndProject
Global
	GlobalSection(SolutionConfigurationPlatforms) = preSolution
		Debug|x64 = Debug|x64
		Debug|x86 = Debug|x86
		Release|x64 = Release|x64
		Release|x86 = Release|x86
	EndGlobalSection
	GlobalSection(ProjectConfigurationPlatforms) = postSolution
		{1F8E2369-43DC-4A13-A1F9-FD0EE2B10EB3}.Debug|x64.ActiveCfg = Debug|x64
		{1F8E2369-43DC-4A13-A1F9-FD0EE2B10EB3}.Debug|x64.Build.0 = Debug|x64
		{1F8E2369-43DC-4A13-A1F9-FD0EE2B10EB3}.Debug|x86.ActiveCfg = Debug|Win32
		{1F8E2369-43DC-4A13-A1F9-FD0EE2B10EB3}.Debug|x86.Build.0 = Debug|Win32
		{1F8E2369-43DC-4A13-A1F9-FD0EE2B10EB3}.Release|x64.ActiveCfg = Release|x64
		{1F8E2369-43DC-4A13-A1F9-FD0EE2B10EB3}.Release|x64.Build.0 = Release|x64
		{1F8E2369-43DC-4A13-A1F9-FD0EE2B10EB3}.Release|x86.ActiveCfg = Release|Win32
		{1F8E2369-43DC-4A13-A1F9-FD0EE2B10EB3}.Release|x86.Build.0 = Release|Win32
	EndGlobalSection
	GlobalSection(SolutionProperties) = preSolution
		HideSolutionNode = FALSE
	EndGlobalSection
	GlobalSection(ExtensibilityGlobals) = postSolution
		SolutionGuid = {2EC9111F-1B34-4180-A0DE-DC0CB8FD7F80}
	EndGlobalSection
EndGlobal
